
Microsoft Visual Studio Solution File, Format Version 12.00
# Visual Studio Version 16
VisualStudioVersion = 16.0.31624.102
MinimumVisualStudioVersion = 10.0.40219.1
Project("{FAE04EC0-301F-11D3-BF4B-00C04F79EFBC}") = "THI3", "THI3.csproj", "{6EE9DD32-7688-4C66-A5AA-D0821FC640FF}"
EndProject
Global
	GlobalSection(SolutionConfigurationPlatforms) = preSolution
		Debug|Any CPU = Debug|Any CPU
		Release|Any CPU = Release|Any CPU
	EndGlobalSection
	GlobalSection(ProjectConfigurationPlatforms) = postSolution
		{6EE9DD32-7688-4C66-A5AA-D0821FC640FF}.Debug|Any CPU.ActiveCfg = Debug|Any CPU
		{6EE9DD32-7688-4C66-A5AA-D0821FC640FF}.Debug|Any CPU.Build.0 = Debug|Any CPU
		{6EE9DD32-7688-4C66-A5AA-D0821FC640FF}.Release|Any CPU.ActiveCfg = Release|Any CPU
		{6EE9DD32-7688-4C66-A5AA-D0821FC640FF}.Release|Any CPU.Build.0 = Release|Any CPU
	EndGlobalSection
	GlobalSection(SolutionProperties) = preSolution
		HideSolutionNode = FALSE
	EndGlobalSection
	GlobalSection(ExtensibilityGlobals) = postSolution
		SolutionGuid = {D1B3C0A2-10B0-46E0-A84B-09BFEF652E01}
	EndGlobalSection
EndGlobal
